
Microsoft Visual Studio Solution File, Format Version 12.00
# Visual Studio 2013
VisualStudioVersion = 12.0.31101.0
MinimumVisualStudioVersion = 10.0.40219.1
Project("{FAE04EC0-301F-11D3-BF4B-00C04F79EFBC}") = "Quiron.LojaVirtual.Dominio", "Quiron.LojaVirtual.Dominio\Quiron.LojaVirtual.Dominio.csproj", "{2861DA5D-0DA7-4DC5-891C-97E2E3AA0951}"
EndProject
Project("{FAE04EC0-301F-11D3-BF4B-00C04F79EFBC}") = "Quiron.LojaVitual.Web", "Quiron.LojaVitual.Web\Quiron.LojaVitual.Web.csproj", "{86BF44AA-39B2-44A3-A99B-8859154F37EA}"
EndProject
Project("{FAE04EC0-301F-11D3-BF4B-00C04F79EFBC}") = "Quiron.LojaVitual.UnitTest", "Quiron.LojaVitual.UnitTest\Quiron.LojaVitual.UnitTest.csproj", "{4089C12F-1D96-4A54-AAE8-44C85578F3DC}"
EndProject
Global
	GlobalSection(SolutionConfigurationPlatforms) = preSolution
		Debug|Any CPU = Debug|Any CPU
		Release|Any CPU = Release|Any CPU
	EndGlobalSection
	GlobalSection(ProjectConfigurationPlatforms) = postSolution
		{2861DA5D-0DA7-4DC5-891C-97E2E3AA0951}.Debug|Any CPU.ActiveCfg = Debug|Any CPU
		{2861DA5D-0DA7-4DC5-891C-97E2E3AA0951}.Debug|Any CPU.Build.0 = Debug|Any CPU
		{2861DA5D-0DA7-4DC5-891C-97E2E3AA0951}.Release|Any CPU.ActiveCfg = Release|Any CPU
		{2861DA5D-0DA7-4DC5-891C-97E2E3AA0951}.Release|Any CPU.Build.0 = Release|Any CPU
		{86BF44AA-39B2-44A3-A99B-8859154F37EA}.Debug|Any CPU.ActiveCfg = Debug|Any CPU
		{86BF44AA-39B2-44A3-A99B-8859154F37EA}.Debug|Any CPU.Build.0 = Debug|Any CPU
		{86BF44AA-39B2-44A3-A99B-8859154F37EA}.Release|Any CPU.ActiveCfg = Release|Any CPU
		{86BF44AA-39B2-44A3-A99B-8859154F37EA}.Release|Any CPU.Build.0 = Release|Any CPU
		{4089C12F-1D96-4A54-AAE8-44C85578F3DC}.Debug|Any CPU.ActiveCfg = Debug|Any CPU
		{4089C12F-1D96-4A54-AAE8-44C85578F3DC}.Debug|Any CPU.Build.0 = Debug|Any CPU
		{4089C12F-1D96-4A54-AAE8-44C85578F3DC}.Release|Any CPU.ActiveCfg = Release|Any CPU
		{4089C12F-1D96-4A54-AAE8-44C85578F3DC}.Release|Any CPU.Build.0 = Release|Any CPU
	EndGlobalSection
	GlobalSection(SolutionProperties) = preSolution
		HideSolutionNode = FALSE
	EndGlobalSection
EndGlobal
